{
  "name": "symbiote-engine",
  "version": "0.3.0-alpha.7",
  "lockfileVersion": 3,
  "requires": true,
  "packages": {
    "": {
      "name": "symbiote-engine",
      "version": "0.3.0-alpha.7",
      "license": "MIT",
      "bin": {
        "symbiote-engine": "cli.js"
      },
      "engines": {
        "node": ">=18.0.0"
      },
      "peerDependencies": {
        "ws": ">=8.0.0"
      },
      "peerDependenciesMeta": {
        "ws": {
          "optional": true
        }
      }
    }
  }
}
